
Microsoft Visual Studio Solution File, Format Version 12.00
# Visual Studio Version 16
VisualStudioVersion = 16.0.30011.22
MinimumVisualStudioVersion = 10.0.40219.1
Project("{FAE04EC0-301F-11D3-BF4B-00C04F79EFBC}") = "Tugas_Lab-9", "Tugas_Lab-9\Tugas_Lab-9.csproj", "{FD11E38F-EE62-4540-A0E8-56B277118EB1}"
EndProject
Global
	GlobalSection(SolutionConfigurationPlatforms) = preSolution
		Debug|Any CPU = Debug|Any CPU
		Release|Any CPU = Release|Any CPU
	EndGlobalSection
	GlobalSection(ProjectConfigurationPlatforms) = postSolution
		{FD11E38F-EE62-4540-A0E8-56B277118EB1}.Debug|Any CPU.ActiveCfg = Debug|Any CPU
		{FD11E38F-EE62-4540-A0E8-56B277118EB1}.Debug|Any CPU.Build.0 = Debug|Any CPU
		{FD11E38F-EE62-4540-A0E8-56B277118EB1}.Release|Any CPU.ActiveCfg = Release|Any CPU
		{FD11E38F-EE62-4540-A0E8-56B277118EB1}.Release|Any CPU.Build.0 = Release|Any CPU
	EndGlobalSection
	GlobalSection(SolutionProperties) = preSolution
		HideSolutionNode = FALSE
	EndGlobalSection
	GlobalSection(ExtensibilityGlobals) = postSolution
		SolutionGuid = {1F964643-D8B6-4943-BC59-BA7C35DB9E67}
	EndGlobalSection
EndGlobal
